{
  "lockfileVersion": 1,
  "workspaces": {
    "": {
      "name": "issue-12898",
      "devDependencies": {
        "@types/bun": "latest",
        "oxlint": "^1.11.0",
        "oxlint-tsgolint": "^0.0.0-10",
      },
      "peerDependencies": {
        "typescript": "^5",
      },
    },
  },
  "packages": {
    "@oxlint-tsgolint/darwin-arm64": ["@oxlint-tsgolint/darwin-arm64@0.0.0-10", "", { "os": "darwin" }, "sha512-SVLPAn3WumEm2iep3ZblSsOOWRVb1o8ro1GLKKvFE3ruI7RcF7wup0EDEBRTSBg2PA5HEZJt+bi27MgfdT7vRQ=="],

    "@oxlint-tsgolint/darwin-x64": ["@oxlint-tsgolint/darwin-x64@0.0.0-10", "", { "os": "darwin" }, "sha512-hoVePQzo1xgtLx3DcT/SY+xq0etypzMaHJl57PVrxITRf1g+PRpc0ulIIDl2dtaksz+/k00vfj/iT3YslLzpNw=="],

    "@oxlint-tsgolint/linux-arm64": ["@oxlint-tsgolint/linux-arm64@0.0.0-10", "", { "os": "linux" }, "sha512-ynvuWqeeZrFPbugSYpzGUfXD0Yhm+ah3EUqM9IFDLvKzZCalNDQHfjWntI3ChJepl9KbLftfx2mfIDXoKjJYog=="],

    "@oxlint-tsgolint/linux-x64": ["@oxlint-tsgolint/linux-x64@0.0.0-10", "", { "os": "linux" }, "sha512-/T2ptT2eaTF2XnetDcEGOfDOxci2rhEJQ0Qz0bcWcfSMpXfseu1sWYdKEUnN5itaNodw9RXlZXOeZkEOss/EgA=="],

    "@oxlint-tsgolint/win32-arm64": ["@oxlint-tsgolint/win32-arm64@0.0.0-10", "", { "os": "win32" }, "sha512-q/IN3GMAI+w8DFouqTtuHXEW8QBLbVYj+PnBM/2TkNCZWiInCLvYAk+r6X+28Rb429frR2LEQ4w89PmAJ/LiOA=="],

    "@oxlint-tsgolint/win32-x64": ["@oxlint-tsgolint/win32-x64@0.0.0-10", "", { "os": "win32" }, "sha512-MZ2rf+kvQ0WM3FS6bL0XnVUnFEfEwWaWatzZ79xt9HRvVhEgC8Z1tET7GMYXj2anAGbLSfqeWFe5VQyeZEZquQ=="],

    "@oxlint/darwin-arm64": ["@oxlint/darwin-arm64@1.11.0", "", { "os": "darwin", "cpu": "arm64" }, "sha512-cCLiqE6dLBY/YgbDsNlVRVqWV687bz5Kcyuizc277Zav/AKvJFeN92OIrlfLpVZzqmK8Wc6hrq9kilQEOO8b6A=="],

    "@oxlint/darwin-x64": ["@oxlint/darwin-x64@1.11.0", "", { "os": "darwin", "cpu": "x64" }, "sha512-wrBH/rxXLtdzGYTrWCMS99ttM7hCXmIpa1dy42Wv+s9FZkpj6n8ZtqUUbVIybidO30YcttFmkTVLQZ0pwJCasg=="],

    "@oxlint/linux-arm64-gnu": ["@oxlint/linux-arm64-gnu@1.11.0", "", { "os": "linux", "cpu": "arm64" }, "sha512-gUVBkfoVGtc9jMXa1GPbjxKp/JU13jz3GmCSO4na1PzagcXPoGFqrbAAfbiWy6372pD4dUEMir4N3JVDwlo1JA=="],

    "@oxlint/linux-arm64-musl": ["@oxlint/linux-arm64-musl@1.11.0", "", { "os": "linux", "cpu": "arm64" }, "sha512-O6VyBTcenpNuEXqU3v3eyaGPHutMrtX++R9jyQI8TyRiL6Cj3w70zaSXMCuAKC+oUEqoxB2P3/p0cndmDokRfw=="],

    "@oxlint/linux-x64-gnu": ["@oxlint/linux-x64-gnu@1.11.0", "", { "os": "linux", "cpu": "x64" }, "sha512-nk9+7QaYhmt0bJRjRbJIVR4uELlbWagf8JAvN6CBUs0plzMqTqYkZvo0w9n1pEoeNMuMsfkvv3g6AEjl0x1a4Q=="],

    "@oxlint/linux-x64-musl": ["@oxlint/linux-x64-musl@1.11.0", "", { "os": "linux", "cpu": "x64" }, "sha512-JTyQSXmin5UNkRs+ltCNQGfq0DG0Ru+NLVabF1VDA216UDWC4toGCJY3iQgHNzwjLJol4psrIcGACgKXoRKN3w=="],

    "@oxlint/win32-arm64": ["@oxlint/win32-arm64@1.11.0", "", { "os": "win32", "cpu": "arm64" }, "sha512-ijBO1HWG+9F1qPQ55UiLmT4WUPTEEt06gKTdfQXU/ig2evNKgHiRNCJTJ/UzKS2XbYuZv1jM5HfUqr2O8BfoKw=="],

    "@oxlint/win32-x64": ["@oxlint/win32-x64@1.11.0", "", { "os": "win32", "cpu": "x64" }, "sha512-2kK3frtUStqHUqX2CEMEVvsx9FnkF6UnY1vRFoLDszCVUdNGQebht/5TUj/Gyv9ksKXpQfXv4rh9jLJB8dapIA=="],

    "@types/bun": ["@types/bun@1.2.19", "", { "dependencies": { "bun-types": "1.2.19" } }, "sha512-d9ZCmrH3CJ2uYKXQIUuZ/pUnTqIvLDS0SK7pFmbx8ma+ziH/FRMoAq5bYpRG7y+w1gl+HgyNZbtqgMq4W4e2Lg=="],

    "@types/node": ["@types/node@24.2.0", "", { "dependencies": { "undici-types": "~7.10.0" } }, "sha512-3xyG3pMCq3oYCNg7/ZP+E1ooTaGB4cG8JWRsqqOYQdbWNY4zbaV0Ennrd7stjiJEFZCaybcIgpTjJWHRfBSIDw=="],

    "@types/react": ["@types/react@19.1.9", "", { "dependencies": { "csstype": "^3.0.2" } }, "sha512-WmdoynAX8Stew/36uTSVMcLJJ1KRh6L3IZRx1PZ7qJtBqT3dYTgyDTx8H1qoRghErydW7xw9mSJ3wS//tCRpFA=="],

    "bun-types": ["bun-types@1.2.19", "", { "dependencies": { "@types/node": "*" }, "peerDependencies": { "@types/react": "^19" } }, "sha512-uAOTaZSPuYsWIXRpj7o56Let0g/wjihKCkeRqUBhlLVM/Bt+Fj9xTo+LhC1OV1XDaGkz4hNC80et5xgy+9KTHQ=="],

    "csstype": ["csstype@3.1.3", "", {}, "sha512-M1uQkMl8rQK/szD0LNhtqxIPLpimGm8sOBwU7lLnCpSbTyY3yeU1Vc7l4KT5zT4s/yOxHH5O7tIuuLOCnLADRw=="],

    "oxlint": ["oxlint@1.11.0", "", { "optionalDependencies": { "@oxlint/darwin-arm64": "1.11.0", "@oxlint/darwin-x64": "1.11.0", "@oxlint/linux-arm64-gnu": "1.11.0", "@oxlint/linux-arm64-musl": "1.11.0", "@oxlint/linux-x64-gnu": "1.11.0", "@oxlint/linux-x64-musl": "1.11.0", "@oxlint/win32-arm64": "1.11.0", "@oxlint/win32-x64": "1.11.0", "oxlint-tsgolint": "*" }, "bin": { "oxlint": "bin/oxlint", "oxc_language_server": "bin/oxc_language_server" } }, "sha512-jcFVy4sVJGvzfKaQKMtSiTJWWXfKHS4+bGSnUrNA55JaXPbkVRUDAyQx29KzfodUEU3r2lTObPfVCOtcGI45SQ=="],

    "oxlint-tsgolint": ["oxlint-tsgolint@0.0.0-10", "", { "optionalDependencies": { "@oxlint-tsgolint/darwin-arm64": "0.0.0-10+20250807", "@oxlint-tsgolint/darwin-x64": "0.0.0-10+20250807", "@oxlint-tsgolint/linux-arm64": "0.0.0-10+20250807", "@oxlint-tsgolint/linux-x64": "0.0.0-10+20250807", "@oxlint-tsgolint/win32-arm64": "0.0.0-10+20250807", "@oxlint-tsgolint/win32-x64": "0.0.0-10+20250807" }, "bin": { "tsgolint": "bin/tsgolint.js" } }, "sha512-+CwFlkUhVgAAyf9YhLfYrcwIuP2kRUZ1b3fdH+DYUbO9y1KD9hxpUSmCwuxdR1dyGOadbFCyPB7N4bU+ER3Xwg=="],

    "typescript": ["typescript@5.9.2", "", { "bin": { "tsc": "bin/tsc", "tsserver": "bin/tsserver" } }, "sha512-CWBzXQrc/qOkhidw1OzBTQuYRbfyxDXJMVJ1XNwUHGROVmuaeiEm3OslpZ1RV96d7SKKjZKrSJu3+t/xlw3R9A=="],

    "undici-types": ["undici-types@7.10.0", "", {}, "sha512-t5Fy/nfn+14LuOc2KNYg75vZqClpAiqscVvMygNnlsHBFpSXdJaYtXMcdNLpl/Qvc3P2cB3s6lOV51nqsFq4ag=="],
  }
}
