lockfileVersion: '9.0'

settings:
  autoInstallPeers: true
  excludeLinksFromLockfile: false

importers:

  .:
    dependencies:
      '@playwright/test':
        specifier: ^1.57.0
        version: 1.57.0
      oxlint:
        specifier: ^1.31.0
        version: 1.31.0(oxlint-tsgolint@0.8.3)
      oxlint-tsgolint:
        specifier: ^0.8.3
        version: 0.8.3

packages:

  '@oxlint-tsgolint/darwin-arm64@0.8.3':
    resolution: {integrity: sha512-BhCcCtddJyQL1fvkGmQqqLfZzJg3vRHMHz0x06juPJupo/3HQOEz46iUXlfLiW1SbcwiRSzxWRGLXM3TiVxNPg==}
    cpu: [arm64]
    os: [darwin]

  '@oxlint-tsgolint/darwin-x64@0.8.3':
    resolution: {integrity: sha512-PqA/jb+zdR31fLvQnQ1TRm/pDEmYhPUn504+UxBu8EfuYWxDeRXr7E34PphJpYwE+RlqKLfthbuYVbVaGjx6yw==}
    cpu: [x64]
    os: [darwin]

  '@oxlint-tsgolint/linux-arm64@0.8.3':
    resolution: {integrity: sha512-Dk62XzusCxnnEG82AB10LWpGq2ikdsjk9r0C9k5u8SUGfbXDID27Jbo9NCG0/ob+uG/SGdJKGAuY9rVYXO0/Mg==}
    cpu: [arm64]
    os: [linux]

  '@oxlint-tsgolint/linux-x64@0.8.3':
    resolution: {integrity: sha512-yKNhHL1r2Xl59Av8UmE0ZeA89SojTyK/ByNleFhGFhLzIvEGJHFbC7jMGHMokfnrh73tR83g8KHNEz6iP8Iw/w==}
    cpu: [x64]
    os: [linux]

  '@oxlint-tsgolint/win32-arm64@0.8.3':
    resolution: {integrity: sha512-UC2oUZ2MtaJ7jWP0kHtzx4Rkw+nTykGtncv72xKphFooKJWXi4MSQuVQ7RTsbmZa4poPYkYW1vaQayQU8Q586Q==}
    cpu: [arm64]
    os: [win32]

  '@oxlint-tsgolint/win32-x64@0.8.3':
    resolution: {integrity: sha512-EACSsZjLe7l8VYXIGZGuqrJMIZymE/zDsmaQRy1MXeuWqg4F89zKh7b7KTBCiOLpkapkHiVWGCPqkoVZ2Lyvnw==}
    cpu: [x64]
    os: [win32]

  '@oxlint/darwin-arm64@1.31.0':
    resolution: {integrity: sha512-HqoYNH5WFZRdqGUROTFGOdBcA9y/YdHNoR/ujlyVO53it+q96dujbgKEvlff/WEuo4LbDKBrKLWKTKvOd/VYdg==}
    cpu: [arm64]
    os: [darwin]

  '@oxlint/darwin-x64@1.31.0':
    resolution: {integrity: sha512-gNq+JQXBCkYKQhmJEgSNjuPqmdL8yBEX3v0sueLH3g5ym4OIrNO7ml1M7xzCs0zhINQCR9MsjMJMyBNaF1ed+g==}
    cpu: [x64]
    os: [darwin]

  '@oxlint/linux-arm64-gnu@1.31.0':
    resolution: {integrity: sha512-cRmttpr3yHPwbrvtPNlv+0Zw2Oeh0cU902iMI4fFW9ylbW/vUAcz6DvzGMCYZbII8VDiwQ453SV5AA8xBgMbmw==}
    cpu: [arm64]
    os: [linux]

  '@oxlint/linux-arm64-musl@1.31.0':
    resolution: {integrity: sha512-0p7vn0hdMdNPIUzemw8f1zZ2rRZ/963EkK3o4P0KUXOPgleo+J9ZIPH7gcHSHtyrNaBifN03wET1rH4SuWQYnA==}
    cpu: [arm64]
    os: [linux]

  '@oxlint/linux-x64-gnu@1.31.0':
    resolution: {integrity: sha512-vNIbpSwQ4dwN0CUmojG7Y91O3CXOf0Kno7DSTshk/JJR4+u8HNVuYVjX2qBRk0OMc4wscJbEd7wJCl0VJOoCOw==}
    cpu: [x64]
    os: [linux]

  '@oxlint/linux-x64-musl@1.31.0':
    resolution: {integrity: sha512-4avnH09FJRTOT2cULdDPG0s14C+Ku4cnbNye6XO7rsiX6Bprz+aQblLA+1WLOr7UfC/0zF+jnZ9K5VyBBJy9Kw==}
    cpu: [x64]
    os: [linux]

  '@oxlint/win32-arm64@1.31.0':
    resolution: {integrity: sha512-mQaD5H93OUpxiGjC518t5wLQikf0Ur5mQEKO2VoTlkp01gqmrQ+hyCLOzABlsAIAeDJD58S9JwNOw4KFFnrqdw==}
    cpu: [arm64]
    os: [win32]

  '@oxlint/win32-x64@1.31.0':
    resolution: {integrity: sha512-AS/h58HfloccRlVs7P3zbyZfxNS62JuE8/3fYGjkiRlR1ZoDxdqmz5QgLEn+YxxFUTMmclGAPMFHg9z2Pk315A==}
    cpu: [x64]
    os: [win32]

  '@playwright/test@1.57.0':
    resolution: {integrity: sha512-6TyEnHgd6SArQO8UO2OMTxshln3QMWBtPGrOCgs3wVEmQmwyuNtB10IZMfmYDE0riwNR1cu4q+pPcxMVtaG3TA==}
    engines: {node: '>=18'}
    hasBin: true

  fsevents@2.3.2:
    resolution: {integrity: sha512-xiqMQR4xAeHTuB9uWm+fFRcIOgKBMiOBP+eXiyT7jsgVCq1bkVygt00oASowB7EdtpOHaaPgKt812P9ab+DDKA==}
    engines: {node: ^8.16.0 || ^10.6.0 || >=11.0.0}
    os: [darwin]

  oxlint-tsgolint@0.8.3:
    resolution: {integrity: sha512-R/pqgXPC4DRQyrODa5xyqiHZNiCcX+R96Bu3qsAMkeSJOKarL8wEszNVNlR+bx8gbWYjPDFuRnlYionTHNjFPA==}
    hasBin: true

  oxlint@1.31.0:
    resolution: {integrity: sha512-U+Z3VShi1zuLF2Hz/pm4vWJUBm5sDHjwSzj340tz4tS2yXg9H5PTipsZv+Yu/alg6Z7EM2cZPKGNBZAvmdfkQg==}
    engines: {node: ^20.19.0 || >=22.12.0}
    hasBin: true
    peerDependencies:
      oxlint-tsgolint: '>=0.8.1'
    peerDependenciesMeta:
      oxlint-tsgolint:
        optional: true

  playwright-core@1.57.0:
    resolution: {integrity: sha512-agTcKlMw/mjBWOnD6kFZttAAGHgi/Nw0CZ2o6JqWSbMlI219lAFLZZCyqByTsvVAJq5XA5H8cA6PrvBRpBWEuQ==}
    engines: {node: '>=18'}
    hasBin: true

  playwright@1.57.0:
    resolution: {integrity: sha512-ilYQj1s8sr2ppEJ2YVadYBN0Mb3mdo9J0wQ+UuDhzYqURwSoW4n1Xs5vs7ORwgDGmyEh33tRMeS8KhdkMoLXQw==}
    engines: {node: '>=18'}
    hasBin: true

snapshots:

  '@oxlint-tsgolint/darwin-arm64@0.8.3':
    optional: true

  '@oxlint-tsgolint/darwin-x64@0.8.3':
    optional: true

  '@oxlint-tsgolint/linux-arm64@0.8.3':
    optional: true

  '@oxlint-tsgolint/linux-x64@0.8.3':
    optional: true

  '@oxlint-tsgolint/win32-arm64@0.8.3':
    optional: true

  '@oxlint-tsgolint/win32-x64@0.8.3':
    optional: true

  '@oxlint/darwin-arm64@1.31.0':
    optional: true

  '@oxlint/darwin-x64@1.31.0':
    optional: true

  '@oxlint/linux-arm64-gnu@1.31.0':
    optional: true

  '@oxlint/linux-arm64-musl@1.31.0':
    optional: true

  '@oxlint/linux-x64-gnu@1.31.0':
    optional: true

  '@oxlint/linux-x64-musl@1.31.0':
    optional: true

  '@oxlint/win32-arm64@1.31.0':
    optional: true

  '@oxlint/win32-x64@1.31.0':
    optional: true

  '@playwright/test@1.57.0':
    dependencies:
      playwright: 1.57.0

  fsevents@2.3.2:
    optional: true

  oxlint-tsgolint@0.8.3:
    optionalDependencies:
      '@oxlint-tsgolint/darwin-arm64': 0.8.3
      '@oxlint-tsgolint/darwin-x64': 0.8.3
      '@oxlint-tsgolint/linux-arm64': 0.8.3
      '@oxlint-tsgolint/linux-x64': 0.8.3
      '@oxlint-tsgolint/win32-arm64': 0.8.3
      '@oxlint-tsgolint/win32-x64': 0.8.3

  oxlint@1.31.0(oxlint-tsgolint@0.8.3):
    optionalDependencies:
      '@oxlint/darwin-arm64': 1.31.0
      '@oxlint/darwin-x64': 1.31.0
      '@oxlint/linux-arm64-gnu': 1.31.0
      '@oxlint/linux-arm64-musl': 1.31.0
      '@oxlint/linux-x64-gnu': 1.31.0
      '@oxlint/linux-x64-musl': 1.31.0
      '@oxlint/win32-arm64': 1.31.0
      '@oxlint/win32-x64': 1.31.0
      oxlint-tsgolint: 0.8.3

  playwright-core@1.57.0: {}

  playwright@1.57.0:
    dependencies:
      playwright-core: 1.57.0
    optionalDependencies:
      fsevents: 2.3.2
