lockfileVersion: '9.0'

settings:
  autoInstallPeers: true
  excludeLinksFromLockfile: false

importers:

  .:
    devDependencies:
      oxlint:
        specifier: ^1.10.0
        version: 1.10.0

packages:

  '@oxlint/darwin-arm64@1.10.0':
    resolution: {integrity: sha512-4rlGtx7e3T2ELAZNinHqPHla+MhHZzsSCFKca4w9WlMlx8NsCSlkxftd4cHztd4iApoACU3nA3OZ9L/nCsn2Gw==}
    cpu: [arm64]
    os: [darwin]

  '@oxlint/darwin-x64@1.10.0':
    resolution: {integrity: sha512-NUcnMPGXSmYEjn88PKIj9JzXuf0R7UgUEUtgD73xbmCIemn7J9hcpB0C3Y/rciCJaS9IYhnlNef8j9BgJP5faA==}
    cpu: [x64]
    os: [darwin]

  '@oxlint/linux-arm64-gnu@1.10.0':
    resolution: {integrity: sha512-lk3sn52txGRuZUvrJ5DuH1vzgFeesjDjDPXUXjzANx4OCFiWjf3WChdouhiP8RbaTi2UF53X5y5oceonP9smcQ==}
    cpu: [arm64]
    os: [linux]

  '@oxlint/linux-arm64-musl@1.10.0':
    resolution: {integrity: sha512-5bwCfCYS3dbsxa3MQLzq2sFZ0vGXpQNiu7LAU7CkgbsVmUl2vXOgAB2Qm0/Dw2JIWz9ZF47oF06nod48PEUVFw==}
    cpu: [arm64]
    os: [linux]

  '@oxlint/linux-x64-gnu@1.10.0':
    resolution: {integrity: sha512-x8lWCTGqAsNWLO6OLJrpaeDZ27YV7fj7BPQm4967lh0BOVAeQFMHqGXP+lBTrWs9i1vzRfUmM7JaWOWd+TsiKw==}
    cpu: [x64]
    os: [linux]

  '@oxlint/linux-x64-musl@1.10.0':
    resolution: {integrity: sha512-6u5uZMFL/yrA2rQsOxiWYoXiTYKLAVqaWYiXftPstUEfOGRJ1o1yDrN3AZ+40ucX9sntLGkc0Z9OrLHU/z1myA==}
    cpu: [x64]
    os: [linux]

  '@oxlint/win32-arm64@1.10.0':
    resolution: {integrity: sha512-mQ+zWZflyF67NjYcxQ24ID0JFb9LoHoYAcfgIXyI7N8TwWdTllDVv/+0fYTah3rxuHsLY/iCbjKvvqf5FNMeoQ==}
    cpu: [arm64]
    os: [win32]

  '@oxlint/win32-x64@1.10.0':
    resolution: {integrity: sha512-LsUyvSNcz6rQG9a5DfIKFRhu7qvlUWkDCmFUe8HB9XksI7sDtiGdCWBEGSCAKkji1cYlGbqLFngccdv3bGPhxw==}
    cpu: [x64]
    os: [win32]

  oxlint@1.10.0:
    resolution: {integrity: sha512-9XVStkXyoOqtYp1dmHWWXzEsqZ1r6puPSQ8x0jE6wX0MWPw5WV5/ecImMAbC7Q35L/5ElHl54s4zvEDgvfuspw==}
    engines: {node: '>=8.*'}
    hasBin: true

snapshots:

  '@oxlint/darwin-arm64@1.10.0':
    optional: true

  '@oxlint/darwin-x64@1.10.0':
    optional: true

  '@oxlint/linux-arm64-gnu@1.10.0':
    optional: true

  '@oxlint/linux-arm64-musl@1.10.0':
    optional: true

  '@oxlint/linux-x64-gnu@1.10.0':
    optional: true

  '@oxlint/linux-x64-musl@1.10.0':
    optional: true

  '@oxlint/win32-arm64@1.10.0':
    optional: true

  '@oxlint/win32-x64@1.10.0':
    optional: true

  oxlint@1.10.0:
    optionalDependencies:
      '@oxlint/darwin-arm64': 1.10.0
      '@oxlint/darwin-x64': 1.10.0
      '@oxlint/linux-arm64-gnu': 1.10.0
      '@oxlint/linux-arm64-musl': 1.10.0
      '@oxlint/linux-x64-gnu': 1.10.0
      '@oxlint/linux-x64-musl': 1.10.0
      '@oxlint/win32-arm64': 1.10.0
      '@oxlint/win32-x64': 1.10.0
