lockfileVersion: '9.0'

settings:
  autoInstallPeers: true
  excludeLinksFromLockfile: false

importers:

  .:
    dependencies:
      oxlint:
        specifier: ^1.32.0
        version: 1.32.0(oxlint-tsgolint@0.8.4)
      oxlint-tsgolint:
        specifier: ^0.8.4
        version: 0.8.4

packages:

  '@oxlint-tsgolint/darwin-arm64@0.8.4':
    resolution: {integrity: sha512-aygL+K1tOIDXkGncB8q6DbwQjK6CD81sfsUNmhQUcYNNgpOAc88BWyCR3Si8/nlu4sQOdydmfjeVJqJsHaQUxQ==}
    cpu: [arm64]
    os: [darwin]

  '@oxlint-tsgolint/darwin-x64@0.8.4':
    resolution: {integrity: sha512-rc4iOtwir3eK+f4eh8EzYyVvtwNlkIP+7WkVfkFydNJ1wzzrAZvn2TT1C9U6vcFaaDp2aDM3jie3ZwmMghQxbA==}
    cpu: [x64]
    os: [darwin]

  '@oxlint-tsgolint/linux-arm64@0.8.4':
    resolution: {integrity: sha512-Wbdr640YAG7++2GAeHGDDijA69XwC3xQRp4hgaz6wR+JK6VWXQpeaHKW8v9axNLH9AVlnjUbEpZSh2MPkOpF3Q==}
    cpu: [arm64]
    os: [linux]

  '@oxlint-tsgolint/linux-x64@0.8.4':
    resolution: {integrity: sha512-nWg57xz4xA++COoEb26RnwiMOOA+wfzipOSfqz/xSCwEXQDKryXfYMl7no7a3MsneHP2f4/JbOrDHbYishm3rw==}
    cpu: [x64]
    os: [linux]

  '@oxlint-tsgolint/win32-arm64@0.8.4':
    resolution: {integrity: sha512-LwRTv/30zlms4BaJrfW+ZnihdIvOku0Rrdo0FfMwSt7HlYfZdoB1yibTkC8yLfRlnbxyR0d57AQPjRasKAgyyQ==}
    cpu: [arm64]
    os: [win32]

  '@oxlint-tsgolint/win32-x64@0.8.4':
    resolution: {integrity: sha512-jg2OezQ4Wwe+B3bOAUWH3CQdu/r5XtYwG/mwmgueL4KLmbJyO47w40hjBESHHgD8057BuHhJrf7lZpZN80bdzw==}
    cpu: [x64]
    os: [win32]

  '@oxlint/darwin-arm64@1.32.0':
    resolution: {integrity: sha512-yrqPmZYu5Qb+49h0P5EXVIq8VxYkDDM6ZQrWzlh16+UGFcD8HOXs4oF3g9RyfaoAbShLCXooSQsM/Ifwx8E/eQ==}
    cpu: [arm64]
    os: [darwin]

  '@oxlint/darwin-x64@1.32.0':
    resolution: {integrity: sha512-pQRZrJG/2nAKc3IuocFbaFFbTDlQsjz2WfivRsMn0hw65EEsSuM84WMFMiAfLpTGyTICeUtHZLHlrM5lzVr36A==}
    cpu: [x64]
    os: [darwin]

  '@oxlint/linux-arm64-gnu@1.32.0':
    resolution: {integrity: sha512-tyomSmU2DzwcTmbaWFmStHgVfRmJDDvqcIvcw4fRB1YlL2Qg/XaM4NJ0m2bdTap38gxD5FSxSgCo0DkQ8GTolg==}
    cpu: [arm64]
    os: [linux]

  '@oxlint/linux-arm64-musl@1.32.0':
    resolution: {integrity: sha512-0W46dRMaf71OGE4+Rd+GHfS1uF/UODl5Mef6871pMhN7opPGfTI2fKJxh9VzRhXeSYXW/Z1EuCq9yCfmIJq+5Q==}
    cpu: [arm64]
    os: [linux]

  '@oxlint/linux-x64-gnu@1.32.0':
    resolution: {integrity: sha512-5+6myVCBOMvM62rDB9T3CARXUvIwhGqte6E+HoKRwYaqsxGUZ4bh3pItSgSFwHjLGPrvADS11qJUkk39eQQBzQ==}
    cpu: [x64]
    os: [linux]

  '@oxlint/linux-x64-musl@1.32.0':
    resolution: {integrity: sha512-qwQlwYYgVIC6ScjpUwiKKNyVdUlJckrfwPVpIjC9mvglIQeIjKuuyaDxUZWIOc/rEzeCV/tW6tcbehLkfEzqsw==}
    cpu: [x64]
    os: [linux]

  '@oxlint/win32-arm64@1.32.0':
    resolution: {integrity: sha512-7qYZF9CiXGtdv8Z/fBkgB5idD2Zokht67I5DKWH0fZS/2R232sDqW2JpWVkXltk0+9yFvmvJ0ouJgQRl9M3S2g==}
    cpu: [arm64]
    os: [win32]

  '@oxlint/win32-x64@1.32.0':
    resolution: {integrity: sha512-XW1xqCj34MEGJlHteqasTZ/LmBrwYIgluhNW0aP+XWkn90+stKAq3W/40dvJKbMK9F7o09LPCuMVtUW7FIUuiA==}
    cpu: [x64]
    os: [win32]

  oxlint-tsgolint@0.8.4:
    resolution: {integrity: sha512-0eyQ83M0JpeA8a4SPk61xwxBw+N9jMolDCLmzoD9J8HcL3BGTEcOLb5Ud7nCcmM3hSYzO91RqNPHayESG+os2A==}
    hasBin: true

  oxlint@1.32.0:
    resolution: {integrity: sha512-HYDQCga7flsdyLMUIxTgSnEx5KBxpP9VINB8NgO+UjV80xBiTQXyVsvjtneMT3ZBLMbL0SlG/Dm03XQAsEshMA==}
    engines: {node: ^20.19.0 || >=22.12.0}
    hasBin: true
    peerDependencies:
      oxlint-tsgolint: '>=0.8.1'
    peerDependenciesMeta:
      oxlint-tsgolint:
        optional: true

snapshots:

  '@oxlint-tsgolint/darwin-arm64@0.8.4':
    optional: true

  '@oxlint-tsgolint/darwin-x64@0.8.4':
    optional: true

  '@oxlint-tsgolint/linux-arm64@0.8.4':
    optional: true

  '@oxlint-tsgolint/linux-x64@0.8.4':
    optional: true

  '@oxlint-tsgolint/win32-arm64@0.8.4':
    optional: true

  '@oxlint-tsgolint/win32-x64@0.8.4':
    optional: true

  '@oxlint/darwin-arm64@1.32.0':
    optional: true

  '@oxlint/darwin-x64@1.32.0':
    optional: true

  '@oxlint/linux-arm64-gnu@1.32.0':
    optional: true

  '@oxlint/linux-arm64-musl@1.32.0':
    optional: true

  '@oxlint/linux-x64-gnu@1.32.0':
    optional: true

  '@oxlint/linux-x64-musl@1.32.0':
    optional: true

  '@oxlint/win32-arm64@1.32.0':
    optional: true

  '@oxlint/win32-x64@1.32.0':
    optional: true

  oxlint-tsgolint@0.8.4:
    optionalDependencies:
      '@oxlint-tsgolint/darwin-arm64': 0.8.4
      '@oxlint-tsgolint/darwin-x64': 0.8.4
      '@oxlint-tsgolint/linux-arm64': 0.8.4
      '@oxlint-tsgolint/linux-x64': 0.8.4
      '@oxlint-tsgolint/win32-arm64': 0.8.4
      '@oxlint-tsgolint/win32-x64': 0.8.4

  oxlint@1.32.0(oxlint-tsgolint@0.8.4):
    optionalDependencies:
      '@oxlint/darwin-arm64': 1.32.0
      '@oxlint/darwin-x64': 1.32.0
      '@oxlint/linux-arm64-gnu': 1.32.0
      '@oxlint/linux-arm64-musl': 1.32.0
      '@oxlint/linux-x64-gnu': 1.32.0
      '@oxlint/linux-x64-musl': 1.32.0
      '@oxlint/win32-arm64': 1.32.0
      '@oxlint/win32-x64': 1.32.0
      oxlint-tsgolint: 0.8.4
