lockfileVersion: '9.0'

settings:
  autoInstallPeers: true
  excludeLinksFromLockfile: false

importers:

  .:
    devDependencies:
      oxlint:
        specifier: ^1.33.0
        version: 1.33.0(oxlint-tsgolint@0.9.2)
      oxlint-tsgolint:
        specifier: ^0.9.2
        version: 0.9.2

packages:

  '@oxlint-tsgolint/darwin-arm64@0.9.2':
    resolution: {integrity: sha512-AujIYejzo2KgSWEn65FxkTwJ7Xkq106wUjyKYpljpEsrldO3QkW1yjj6osisoIjM/NdV0VO21YWjIGFIKd0/Ug==}
    cpu: [arm64]
    os: [darwin]

  '@oxlint-tsgolint/darwin-x64@0.9.2':
    resolution: {integrity: sha512-rNLCdo5DjSBcMjRwND4eOaboPD30Ssp0sfqS3KpHvo/0acQmQVCJwOaDUO7s2a77YPDJ6jSaGDWYo8HLnEXALg==}
    cpu: [x64]
    os: [darwin]

  '@oxlint-tsgolint/linux-arm64@0.9.2':
    resolution: {integrity: sha512-xVL66moJftyrvmFSwstWDQ1bqVjn9HCSz+QJLLInf3/b51xZl5QbbGEPX4bf4SKut+7v5ZEM527DbVGg1yRmKQ==}
    cpu: [arm64]
    os: [linux]

  '@oxlint-tsgolint/linux-x64@0.9.2':
    resolution: {integrity: sha512-sVH2DADkdUmFZhggaMM/r8NOdn2Ud1Az/nJoGbAiV82Lipw3Kp6y6yV2w+NWfmETHZZ+0gwlWTZod7NSmQuR5w==}
    cpu: [x64]
    os: [linux]

  '@oxlint-tsgolint/win32-arm64@0.9.2':
    resolution: {integrity: sha512-0nvXzcY+W84Vo4pq5qh+0k3BsSb7ImzB9VaX5jIbjTNvx3EYS/KZzo0smhZ+drs43V4oNqJjgt2jnkeWF9Yj/g==}
    cpu: [arm64]
    os: [win32]

  '@oxlint-tsgolint/win32-x64@0.9.2':
    resolution: {integrity: sha512-OGx2CIyWjpOhFOL7tvVjLrKlkjJSOVZBe5S/jmBnxY+vRjFrXQr0zNUXy+S+ggIv6rsMlz3B+ixSriyUIKwDeQ==}
    cpu: [x64]
    os: [win32]

  '@oxlint/darwin-arm64@1.33.0':
    resolution: {integrity: sha512-PmEQDLHAxiAdyttQ1ZWXd+5VpHLbHf3FTMJL9bg5TZamDnhNiW/v0Pamv3MTAdymnoDI3H8IVLAN/SAseV/adw==}
    cpu: [arm64]
    os: [darwin]

  '@oxlint/darwin-x64@1.33.0':
    resolution: {integrity: sha512-2R9aH3kR0X2M30z5agGikv3tfNTi8/uLhU5/tYktu33VGUXpbf0OLZSlD25UEuwOKAlf3RVtzV5oDyjoq93JuQ==}
    cpu: [x64]
    os: [darwin]

  '@oxlint/linux-arm64-gnu@1.33.0':
    resolution: {integrity: sha512-yb/k8GaMDgnX2LyO6km33kKItZ/n573SlbiHBBFU2HmeU7tzEHL5jHkHQXXcysUkapmqHd7UsDhOZDqPmXaQRg==}
    cpu: [arm64]
    os: [linux]

  '@oxlint/linux-arm64-musl@1.33.0':
    resolution: {integrity: sha512-03pt9IO1C4ZfVOW6SQiOK26mzklAhLM3Kc79OXpX1kgZRlxk+rvFoMhlgCOzn7tEdrEgbePkBoxNnwDnJDFqJQ==}
    cpu: [arm64]
    os: [linux]

  '@oxlint/linux-x64-gnu@1.33.0':
    resolution: {integrity: sha512-Z7ImLWM50FoVXzYvyxUQ+QwBkBfRyK4YdLEGonyAGMp7iT3DksonDaTK9ODnJ1qHyAyAZCvuqXD7AEDsDvzDbA==}
    cpu: [x64]
    os: [linux]

  '@oxlint/linux-x64-musl@1.33.0':
    resolution: {integrity: sha512-idb55Uzu5kkqqpMiVUfI9nP7zOqPZinQKsIRQAIU40wILcf/ijvhNZKIu3ucDMmye0n6IWOaSnxIRL5W2fNoUQ==}
    cpu: [x64]
    os: [linux]

  '@oxlint/win32-arm64@1.33.0':
    resolution: {integrity: sha512-wKKFt7cubfrLelNzdmDsNSmtBrlSUe1fWus587+uSxDZdpFbQ7liU0gsUlCbcHvym0H1Tc2O3K3cnLrgQORLPQ==}
    cpu: [arm64]
    os: [win32]

  '@oxlint/win32-x64@1.33.0':
    resolution: {integrity: sha512-ReyR8rNHjKNnO7dxGny9RCPELRAdhm3y780FNBcA07E1wvxSCkB+Mn5db0Pa5bRmxrsU/MTZ/aaBFa+ERXDdXw==}
    cpu: [x64]
    os: [win32]

  oxlint-tsgolint@0.9.2:
    resolution: {integrity: sha512-UKLudgnuEPyAzpLk5FeZyCdjRaHQE6cSqmlTBwmEp2lGJ1wN59qGc4gfjAXVSCrKrd30jXDGf5/zQ3CTa6BNNQ==}
    hasBin: true

  oxlint@1.33.0:
    resolution: {integrity: sha512-4WCL0K8jiOshwJ8WrVk35VAuVaZHC0iX6asjKsrENOrynkAAGcTLLx0Urf0eXZ1Tq7r+qAe3Z9EyHMFPzVyUkg==}
    engines: {node: ^20.19.0 || >=22.12.0}
    hasBin: true
    peerDependencies:
      oxlint-tsgolint: '>=0.9.0'
    peerDependenciesMeta:
      oxlint-tsgolint:
        optional: true

snapshots:

  '@oxlint-tsgolint/darwin-arm64@0.9.2':
    optional: true

  '@oxlint-tsgolint/darwin-x64@0.9.2':
    optional: true

  '@oxlint-tsgolint/linux-arm64@0.9.2':
    optional: true

  '@oxlint-tsgolint/linux-x64@0.9.2':
    optional: true

  '@oxlint-tsgolint/win32-arm64@0.9.2':
    optional: true

  '@oxlint-tsgolint/win32-x64@0.9.2':
    optional: true

  '@oxlint/darwin-arm64@1.33.0':
    optional: true

  '@oxlint/darwin-x64@1.33.0':
    optional: true

  '@oxlint/linux-arm64-gnu@1.33.0':
    optional: true

  '@oxlint/linux-arm64-musl@1.33.0':
    optional: true

  '@oxlint/linux-x64-gnu@1.33.0':
    optional: true

  '@oxlint/linux-x64-musl@1.33.0':
    optional: true

  '@oxlint/win32-arm64@1.33.0':
    optional: true

  '@oxlint/win32-x64@1.33.0':
    optional: true

  oxlint-tsgolint@0.9.2:
    optionalDependencies:
      '@oxlint-tsgolint/darwin-arm64': 0.9.2
      '@oxlint-tsgolint/darwin-x64': 0.9.2
      '@oxlint-tsgolint/linux-arm64': 0.9.2
      '@oxlint-tsgolint/linux-x64': 0.9.2
      '@oxlint-tsgolint/win32-arm64': 0.9.2
      '@oxlint-tsgolint/win32-x64': 0.9.2

  oxlint@1.33.0(oxlint-tsgolint@0.9.2):
    optionalDependencies:
      '@oxlint/darwin-arm64': 1.33.0
      '@oxlint/darwin-x64': 1.33.0
      '@oxlint/linux-arm64-gnu': 1.33.0
      '@oxlint/linux-arm64-musl': 1.33.0
      '@oxlint/linux-x64-gnu': 1.33.0
      '@oxlint/linux-x64-musl': 1.33.0
      '@oxlint/win32-arm64': 1.33.0
      '@oxlint/win32-x64': 1.33.0
      oxlint-tsgolint: 0.9.2
