lockfileVersion: '9.0'

settings:
  autoInstallPeers: true
  excludeLinksFromLockfile: false

importers:

  .:
    dependencies:
      oxlint:
        specifier: ^1.52.0
        version: 1.52.0(oxlint-tsgolint@0.16.0)
      oxlint-tsgolint:
        specifier: ^0.16.0
        version: 0.16.0

packages:

  '@oxlint-tsgolint/darwin-arm64@0.16.0':
    resolution: {integrity: sha512-WQt5lGwRPJBw7q2KNR0mSPDAaMmZmVvDlEEti96xLO7ONhyomQc6fBZxxwZ4qTFedjJnrHX94sFelZ4OKzS7UQ==}
    cpu: [arm64]
    os: [darwin]

  '@oxlint-tsgolint/darwin-x64@0.16.0':
    resolution: {integrity: sha512-VJo29XOzdkalvCTiE2v6FU3qZlgHaM8x8hUEVJGPU2i5W+FlocPpmn00+Ld2n7Q0pqIjyD5EyvZ5UmoIEJMfqg==}
    cpu: [x64]
    os: [darwin]

  '@oxlint-tsgolint/linux-arm64@0.16.0':
    resolution: {integrity: sha512-MPfqRt1+XRHv9oHomcBMQ3KpTE+CSkZz14wUxDQoqTNdUlV0HWdzwIE9q65I3D9YyxEnqpM7j4qtDQ3apqVvbQ==}
    cpu: [arm64]
    os: [linux]

  '@oxlint-tsgolint/linux-x64@0.16.0':
    resolution: {integrity: sha512-XQSwVUsnwLokMhe1TD6IjgvW5WMTPzOGGkdFDtXWQmlN2YeTw94s/NN0KgDrn2agM1WIgAenEkvnm0u7NgwEyw==}
    cpu: [x64]
    os: [linux]

  '@oxlint-tsgolint/win32-arm64@0.16.0':
    resolution: {integrity: sha512-EWdlspQiiFGsP2AiCYdhg5dTYyAlj6y1nRyNI2dQWq4Q/LITFHiSRVPe+7m7K7lcsZCEz2icN/bCeSkZaORqIg==}
    cpu: [arm64]
    os: [win32]

  '@oxlint-tsgolint/win32-x64@0.16.0':
    resolution: {integrity: sha512-1ufk8cgktXJuJZHKF63zCHAkaLMwZrEXnZ89H2y6NO85PtOXqu4zbdNl0VBpPP3fCUuUBu9RvNqMFiv0VsbXWA==}
    cpu: [x64]
    os: [win32]

  '@oxlint/binding-android-arm-eabi@1.52.0':
    resolution: {integrity: sha512-fW2pmR1VzFEdcvOYeSiv+R7CqffOjr9Bv5QmZaHuHJ4ZCqouaF6o48N/hJ3H1n9Zd8PCMFgJkeqUvUsVce01mw==}
    engines: {node: ^20.19.0 || >=22.12.0}
    cpu: [arm]
    os: [android]

  '@oxlint/binding-android-arm64@1.52.0':
    resolution: {integrity: sha512-ptuJljIB+klNi8//qxXyGD51NLJXY9lv40Olc7l3/pEyjejWwXGvGMO0GM6f0JsjmbnDL+VkX7RVQNhByaX8WA==}
    engines: {node: ^20.19.0 || >=22.12.0}
    cpu: [arm64]
    os: [android]

  '@oxlint/binding-darwin-arm64@1.52.0':
    resolution: {integrity: sha512-5d079Uw43BHVZzOwm3uJI2PgSbsZJTpfHDq2jMOR6rRjGiEBlgasaEvAA26VBqpkO1++/59ZCKLBnEpkro3zIg==}
    engines: {node: ^20.19.0 || >=22.12.0}
    cpu: [arm64]
    os: [darwin]

  '@oxlint/binding-darwin-x64@1.52.0':
    resolution: {integrity: sha512-vRTjnhPEHAyfUhO9w6GM1VkxeVXFcDs+huyB5YNMw+Py+6PRYDFFrrOEr0rZYcoGtSH25ScozZV8I1UXrzaDjQ==}
    engines: {node: ^20.19.0 || >=22.12.0}
    cpu: [x64]
    os: [darwin]

  '@oxlint/binding-freebsd-x64@1.52.0':
    resolution: {integrity: sha512-vFthhhciRAliAjoKMsvi7UkkQp/EtMNhmCRYBuKsNiTH0k4H3SFfbuWWr80Q7+uTXijfBP91KO/EeF48RggC7A==}
    engines: {node: ^20.19.0 || >=22.12.0}
    cpu: [x64]
    os: [freebsd]

  '@oxlint/binding-linux-arm-gnueabihf@1.52.0':
    resolution: {integrity: sha512-qX3K4mKbju54ojUa8nigVxxZAUDBGu5MGzpoXvWmiw+7hafoQKaLAoTm94EqRlv9v27p864GQBgc4g3qYtMXXA==}
    engines: {node: ^20.19.0 || >=22.12.0}
    cpu: [arm]
    os: [linux]

  '@oxlint/binding-linux-arm-musleabihf@1.52.0':
    resolution: {integrity: sha512-x5D5/EUS9U4kndPncLB6mDfCsv7i8XcRLu0DZyTngXvyqapc96WwmyyOG2j8Dt26aE8Ykgh6AhsHp9bQtoBUAw==}
    engines: {node: ^20.19.0 || >=22.12.0}
    cpu: [arm]
    os: [linux]

  '@oxlint/binding-linux-arm64-gnu@1.52.0':
    resolution: {integrity: sha512-2Ep1tnGLuGG7lUkKG/nilIJ0/T2rebEcATxMJ7afuhD6Z2Sc9dDcpX00IngAMyR9l6hXrvaOw9YA5HUAJVSENg==}
    engines: {node: ^20.19.0 || >=22.12.0}
    cpu: [arm64]
    os: [linux]

  '@oxlint/binding-linux-arm64-musl@1.52.0':
    resolution: {integrity: sha512-54wxvb1Pztz0GMgTLUG9HsH8uhZSL4UbG7n4PDxWIRT9TygTVYKfD6D7iasYdKg6ZpWB5Y86VMxgjSJpR/Y7bQ==}
    engines: {node: ^20.19.0 || >=22.12.0}
    cpu: [arm64]
    os: [linux]

  '@oxlint/binding-linux-ppc64-gnu@1.52.0':
    resolution: {integrity: sha512-A82Zks1lJyLclrj8n2tJPHOw2ieZXCaBctnCarS1BRlPQMC1Y98vWCLqgvg9ssWy5ZAja0IjUHN1cYsp53mrqA==}
    engines: {node: ^20.19.0 || >=22.12.0}
    cpu: [ppc64]
    os: [linux]

  '@oxlint/binding-linux-riscv64-gnu@1.52.0':
    resolution: {integrity: sha512-ci89Ou+u9vnA0r4eQqGm/KPEkpea+QEtZCLKkrOAD/K5ZBwjS8ToID6aMgsDbIOJUNBGufsmX0iCC7EWrNKQFA==}
    engines: {node: ^20.19.0 || >=22.12.0}
    cpu: [riscv64]
    os: [linux]

  '@oxlint/binding-linux-riscv64-musl@1.52.0':
    resolution: {integrity: sha512-3/+DVDWajFSu69TaYnKkoUgMEcHR3puO8TcBu3fPCKRhbLjgwDiYIVRdvQX0QaSjkNPJARmpYq7vlPHWNo2cUA==}
    engines: {node: ^20.19.0 || >=22.12.0}
    cpu: [riscv64]
    os: [linux]

  '@oxlint/binding-linux-s390x-gnu@1.52.0':
    resolution: {integrity: sha512-BU7CbceOh00NDmY1IYr72qZoj4sJVHB9DCL2tIq2vyNllNJIpZWTxqlzdqmC4FViXWMy8kZNkOa+SdauH+EcoQ==}
    engines: {node: ^20.19.0 || >=22.12.0}
    cpu: [s390x]
    os: [linux]

  '@oxlint/binding-linux-x64-gnu@1.52.0':
    resolution: {integrity: sha512-JUVZ6TKYl1yArS3xGsNLQlZxgVpjNKtZFja6VxSTDy2ToN7H58PiDRcxWoN2XoIcWlHSvK7pkIPFNOyzdEJ23A==}
    engines: {node: ^20.19.0 || >=22.12.0}
    cpu: [x64]
    os: [linux]

  '@oxlint/binding-linux-x64-musl@1.52.0':
    resolution: {integrity: sha512-IatLKG6UUbIbTBjBZ9SIAYp4SIvOpYIXPXn9cMLqWxh9HrHsu0fLNL+VQ67y4vdlIleYLeuIHkAp3M6saIN1RQ==}
    engines: {node: ^20.19.0 || >=22.12.0}
    cpu: [x64]
    os: [linux]

  '@oxlint/binding-openharmony-arm64@1.52.0':
    resolution: {integrity: sha512-CWgJ6FepHryuc/lgQWStFf3lcvEkbFLSa9zqO0D0QLVfrdg43I4XItKpL/bnfm4n7obzwgG8j8sBggdoxJQKfw==}
    engines: {node: ^20.19.0 || >=22.12.0}
    cpu: [arm64]
    os: [openharmony]

  '@oxlint/binding-win32-arm64-msvc@1.52.0':
    resolution: {integrity: sha512-EuNAbPpctu8jYMZnvYh53Xw3YVY2nIi9bQlyMjY0eKiJxDv8ikHrAfcVcwTQW9xa5tp0eiMkmW7iHPP5CYUC9Q==}
    engines: {node: ^20.19.0 || >=22.12.0}
    cpu: [arm64]
    os: [win32]

  '@oxlint/binding-win32-ia32-msvc@1.52.0':
    resolution: {integrity: sha512-wu3fquQttzSXwyy8DfdOG3Kyb17yAbRhwPlly7NHSXkrffAEAmZ6+o38tCNgsReGLugbn/wbq4uS4nEQubCq+A==}
    engines: {node: ^20.19.0 || >=22.12.0}
    cpu: [ia32]
    os: [win32]

  '@oxlint/binding-win32-x64-msvc@1.52.0':
    resolution: {integrity: sha512-wikx9I9J9/lPOZlrCCNgm8YjWkia8NZfhWd1TTvZTMguyChbw/oA2VEM6Fzx+kkpA+1qu5Mo7nrLdOXEJavw8g==}
    engines: {node: ^20.19.0 || >=22.12.0}
    cpu: [x64]
    os: [win32]

  oxlint-tsgolint@0.16.0:
    resolution: {integrity: sha512-4RuJK2jP08XwqtUu+5yhCbxEauCm6tv2MFHKEMsjbosK2+vy5us82oI3VLuHwbNyZG7ekZA26U2LLHnGR4frIA==}
    hasBin: true

  oxlint@1.52.0:
    resolution: {integrity: sha512-InLldD+6+3iHJGIrtU1W37UIpsg+xoGCemkZCuSQhxUO3evMX+L872ONvbECyRza9k7ScMCukJIK3Al/2ZMDnQ==}
    engines: {node: ^20.19.0 || >=22.12.0}
    hasBin: true
    peerDependencies:
      oxlint-tsgolint: '>=0.15.0'
    peerDependenciesMeta:
      oxlint-tsgolint:
        optional: true

snapshots:

  '@oxlint-tsgolint/darwin-arm64@0.16.0':
    optional: true

  '@oxlint-tsgolint/darwin-x64@0.16.0':
    optional: true

  '@oxlint-tsgolint/linux-arm64@0.16.0':
    optional: true

  '@oxlint-tsgolint/linux-x64@0.16.0':
    optional: true

  '@oxlint-tsgolint/win32-arm64@0.16.0':
    optional: true

  '@oxlint-tsgolint/win32-x64@0.16.0':
    optional: true

  '@oxlint/binding-android-arm-eabi@1.52.0':
    optional: true

  '@oxlint/binding-android-arm64@1.52.0':
    optional: true

  '@oxlint/binding-darwin-arm64@1.52.0':
    optional: true

  '@oxlint/binding-darwin-x64@1.52.0':
    optional: true

  '@oxlint/binding-freebsd-x64@1.52.0':
    optional: true

  '@oxlint/binding-linux-arm-gnueabihf@1.52.0':
    optional: true

  '@oxlint/binding-linux-arm-musleabihf@1.52.0':
    optional: true

  '@oxlint/binding-linux-arm64-gnu@1.52.0':
    optional: true

  '@oxlint/binding-linux-arm64-musl@1.52.0':
    optional: true

  '@oxlint/binding-linux-ppc64-gnu@1.52.0':
    optional: true

  '@oxlint/binding-linux-riscv64-gnu@1.52.0':
    optional: true

  '@oxlint/binding-linux-riscv64-musl@1.52.0':
    optional: true

  '@oxlint/binding-linux-s390x-gnu@1.52.0':
    optional: true

  '@oxlint/binding-linux-x64-gnu@1.52.0':
    optional: true

  '@oxlint/binding-linux-x64-musl@1.52.0':
    optional: true

  '@oxlint/binding-openharmony-arm64@1.52.0':
    optional: true

  '@oxlint/binding-win32-arm64-msvc@1.52.0':
    optional: true

  '@oxlint/binding-win32-ia32-msvc@1.52.0':
    optional: true

  '@oxlint/binding-win32-x64-msvc@1.52.0':
    optional: true

  oxlint-tsgolint@0.16.0:
    optionalDependencies:
      '@oxlint-tsgolint/darwin-arm64': 0.16.0
      '@oxlint-tsgolint/darwin-x64': 0.16.0
      '@oxlint-tsgolint/linux-arm64': 0.16.0
      '@oxlint-tsgolint/linux-x64': 0.16.0
      '@oxlint-tsgolint/win32-arm64': 0.16.0
      '@oxlint-tsgolint/win32-x64': 0.16.0

  oxlint@1.52.0(oxlint-tsgolint@0.16.0):
    optionalDependencies:
      '@oxlint/binding-android-arm-eabi': 1.52.0
      '@oxlint/binding-android-arm64': 1.52.0
      '@oxlint/binding-darwin-arm64': 1.52.0
      '@oxlint/binding-darwin-x64': 1.52.0
      '@oxlint/binding-freebsd-x64': 1.52.0
      '@oxlint/binding-linux-arm-gnueabihf': 1.52.0
      '@oxlint/binding-linux-arm-musleabihf': 1.52.0
      '@oxlint/binding-linux-arm64-gnu': 1.52.0
      '@oxlint/binding-linux-arm64-musl': 1.52.0
      '@oxlint/binding-linux-ppc64-gnu': 1.52.0
      '@oxlint/binding-linux-riscv64-gnu': 1.52.0
      '@oxlint/binding-linux-riscv64-musl': 1.52.0
      '@oxlint/binding-linux-s390x-gnu': 1.52.0
      '@oxlint/binding-linux-x64-gnu': 1.52.0
      '@oxlint/binding-linux-x64-musl': 1.52.0
      '@oxlint/binding-openharmony-arm64': 1.52.0
      '@oxlint/binding-win32-arm64-msvc': 1.52.0
      '@oxlint/binding-win32-ia32-msvc': 1.52.0
      '@oxlint/binding-win32-x64-msvc': 1.52.0
      oxlint-tsgolint: 0.16.0
