lockfileVersion: '9.0'

settings:
  autoInstallPeers: true
  excludeLinksFromLockfile: false

importers:

  .:
    dependencies:
      '@types/react':
        specifier: ^19.2.7
        version: 19.2.7
      oxlint:
        specifier: ^1.30.0
        version: 1.30.0(oxlint-tsgolint@0.8.2)
      oxlint-tsgolint:
        specifier: ^0.8.2
        version: 0.8.2
      react:
        specifier: ^19.2.0
        version: 19.2.0

packages:

  '@oxlint-tsgolint/darwin-arm64@0.8.2':
    resolution: {integrity: sha512-n01FG9eE1OvufW7OXC7VcILwnerEHsy0lDGBcr+ax8n/AV17A/Wksw6qyK74n19T5Xh5f6s2B/FvJo8N5Bhc8w==}
    cpu: [arm64]
    os: [darwin]

  '@oxlint-tsgolint/darwin-x64@0.8.2':
    resolution: {integrity: sha512-BNjkcVWqvuQNDIZGJvISRyY6sRUWsH3GMJ69tbSviA3nk7zg2dkJcwDqVkfAN21xKPtZ2em34qHPLrTSN60Y2A==}
    cpu: [x64]
    os: [darwin]

  '@oxlint-tsgolint/linux-arm64@0.8.2':
    resolution: {integrity: sha512-r2ootVnS7HAy6JmLgxXshAvWyzVlmnjp/5bV68/DTq7OiC2Lua1iaIKVivD6NhzcGIsHU38aFueYg9L7v8e74Q==}
    cpu: [arm64]
    os: [linux]

  '@oxlint-tsgolint/linux-x64@0.8.2':
    resolution: {integrity: sha512-7I+oZKDPIweok/5LFcBig3x7wcby4htcEq/jreeq7C5Vir4sCL/xxRm5VPBtQyTwlhLTk6/HXJXlzeVqXCUOQA==}
    cpu: [x64]
    os: [linux]

  '@oxlint-tsgolint/win32-arm64@0.8.2':
    resolution: {integrity: sha512-kOpbYaMxEqztyY5tvXWOKqRCKa03a+CbbrbgUF/ALLG3QpHl0YwxW4v2g6waCJ3Ghy8jKkqXeaYTYm/RbQMwFQ==}
    cpu: [arm64]
    os: [win32]

  '@oxlint-tsgolint/win32-x64@0.8.2':
    resolution: {integrity: sha512-8BMc67feBJusts9F2hWrc6xnPE9CFQD5+j1k9dDHx418GSyJY/bjumPfneZtWB9qk55nEhzC3trvL8HtuIz2RA==}
    cpu: [x64]
    os: [win32]

  '@oxlint/darwin-arm64@1.30.0':
    resolution: {integrity: sha512-vIiTk1FBObXHvaG3WK/SpwCZP06fuHhSrn8mK2hEs2uSFWG63WgvLAHSGhI4U1X29JGf36zhfUzuKirDIVdKBQ==}
    cpu: [arm64]
    os: [darwin]

  '@oxlint/darwin-x64@1.30.0':
    resolution: {integrity: sha512-DP4ueul8Vza52gJX1/+jyXQjUsgjmPe4Pq5uYOVa8k2V8cKRb2JzBls+DugbeP7yzKNTmlSp3J2mUnHQXuntLA==}
    cpu: [x64]
    os: [darwin]

  '@oxlint/linux-arm64-gnu@1.30.0':
    resolution: {integrity: sha512-1e9NvTvjzG6t1tnUzNU9HZTVwNwhZw2BDQxwIsXV743g54BIkvyZNNXOEGic/Jw4IuIXHzpX3ztVWZaSzvDopg==}
    cpu: [arm64]
    os: [linux]

  '@oxlint/linux-arm64-musl@1.30.0':
    resolution: {integrity: sha512-szb5RB8Tbk756/z/GAdmUn+H1E2815BbcM7s6JZYQgyCJxR0RCL1yFXgKyz3BjIDqzR98Tw8H3g4TeJbN2etAg==}
    cpu: [arm64]
    os: [linux]

  '@oxlint/linux-x64-gnu@1.30.0':
    resolution: {integrity: sha512-yOWGu4a82yA8xLusaznW41IF5ZkvBNz/U++M2/tCYAQUoJKSfJuAS5AhApRMKZLKeX0Vmdagh0YwvC+e98QG0w==}
    cpu: [x64]
    os: [linux]

  '@oxlint/linux-x64-musl@1.30.0':
    resolution: {integrity: sha512-qL1902VF4EMTZTZdJEIzzUQ+UD0IbH+IW6dhYZXbP9nTXJnItW1fk4cyJq5zfUVu1IoVwKK2FP1jUMqEsBlWTw==}
    cpu: [x64]
    os: [linux]

  '@oxlint/win32-arm64@1.30.0':
    resolution: {integrity: sha512-QK6C1djHKI7g1l5g6W9vkz9sd+sn1QJe6PbaV2sWFjVVoT0tO6LWygVWaci09ZHYVJ+lnCbbaFEgZ9jQhIs05A==}
    cpu: [arm64]
    os: [win32]

  '@oxlint/win32-x64@1.30.0':
    resolution: {integrity: sha512-tbPnJIBUKke9KpceV+DpGyfN3LdhGaEPJHSuD4/mUEwP9Kk6IKSoDNih681RVGhgvaEZg3uHmQr6n9Uh0P3Yrg==}
    cpu: [x64]
    os: [win32]

  '@types/react@19.2.7':
    resolution: {integrity: sha512-MWtvHrGZLFttgeEj28VXHxpmwYbor/ATPYbBfSFZEIRK0ecCFLl2Qo55z52Hss+UV9CRN7trSeq1zbgx7YDWWg==}

  csstype@3.2.3:
    resolution: {integrity: sha512-z1HGKcYy2xA8AGQfwrn0PAy+PB7X/GSj3UVJW9qKyn43xWa+gl5nXmU4qqLMRzWVLFC8KusUX8T/0kCiOYpAIQ==}

  oxlint-tsgolint@0.8.2:
    resolution: {integrity: sha512-a60T/kPH09rroGNz1GtTWnzWANRBNS6XkoULwzgIqjNgrtxm5lKMKrFsPk7g+yKWteuGho7+JLvvLjtbl/WbEg==}
    hasBin: true

  oxlint@1.30.0:
    resolution: {integrity: sha512-6Mcpj7Gn26QNRUpue9kRZKQg623mH10kLPl597sNCOfXeUZHTglrc2O54eskHMRA+tR7c0u73nW4GPwSFePLkA==}
    engines: {node: ^20.19.0 || >=22.12.0}
    hasBin: true
    peerDependencies:
      oxlint-tsgolint: '>=0.8.1'
    peerDependenciesMeta:
      oxlint-tsgolint:
        optional: true

  react@19.2.0:
    resolution: {integrity: sha512-tmbWg6W31tQLeB5cdIBOicJDJRR2KzXsV7uSK9iNfLWQ5bIZfxuPEHp7M8wiHyHnn0DD1i7w3Zmin0FtkrwoCQ==}
    engines: {node: '>=0.10.0'}

snapshots:

  '@oxlint-tsgolint/darwin-arm64@0.8.2':
    optional: true

  '@oxlint-tsgolint/darwin-x64@0.8.2':
    optional: true

  '@oxlint-tsgolint/linux-arm64@0.8.2':
    optional: true

  '@oxlint-tsgolint/linux-x64@0.8.2':
    optional: true

  '@oxlint-tsgolint/win32-arm64@0.8.2':
    optional: true

  '@oxlint-tsgolint/win32-x64@0.8.2':
    optional: true

  '@oxlint/darwin-arm64@1.30.0':
    optional: true

  '@oxlint/darwin-x64@1.30.0':
    optional: true

  '@oxlint/linux-arm64-gnu@1.30.0':
    optional: true

  '@oxlint/linux-arm64-musl@1.30.0':
    optional: true

  '@oxlint/linux-x64-gnu@1.30.0':
    optional: true

  '@oxlint/linux-x64-musl@1.30.0':
    optional: true

  '@oxlint/win32-arm64@1.30.0':
    optional: true

  '@oxlint/win32-x64@1.30.0':
    optional: true

  '@types/react@19.2.7':
    dependencies:
      csstype: 3.2.3

  csstype@3.2.3: {}

  oxlint-tsgolint@0.8.2:
    optionalDependencies:
      '@oxlint-tsgolint/darwin-arm64': 0.8.2
      '@oxlint-tsgolint/darwin-x64': 0.8.2
      '@oxlint-tsgolint/linux-arm64': 0.8.2
      '@oxlint-tsgolint/linux-x64': 0.8.2
      '@oxlint-tsgolint/win32-arm64': 0.8.2
      '@oxlint-tsgolint/win32-x64': 0.8.2

  oxlint@1.30.0(oxlint-tsgolint@0.8.2):
    optionalDependencies:
      '@oxlint/darwin-arm64': 1.30.0
      '@oxlint/darwin-x64': 1.30.0
      '@oxlint/linux-arm64-gnu': 1.30.0
      '@oxlint/linux-arm64-musl': 1.30.0
      '@oxlint/linux-x64-gnu': 1.30.0
      '@oxlint/linux-x64-musl': 1.30.0
      '@oxlint/win32-arm64': 1.30.0
      '@oxlint/win32-x64': 1.30.0
      oxlint-tsgolint: 0.8.2

  react@19.2.0: {}
